
Microsoft Visual Studio Solution File, Format Version 12.00
# Visual Studio 15
Project("{FAE04EC0-301F-11D3-BF4B-00C04F79EFBC}") = "Rework RPG", "Assembly-CSharp.csproj", "{281E608E-FBB8-7D27-63DE-2850BA348C90}"
EndProject
Project("{FAE04EC0-301F-11D3-BF4B-00C04F79EFBC}") = "Rework RPG", "Assembly-CSharp-Editor.csproj", "{099F774A-23A4-B083-46A9-25339B92120C}"
EndProject
Global
	GlobalSection(SolutionConfigurationPlatforms) = preSolution
		Debug|Any CPU = Debug|Any CPU
		Release|Any CPU = Release|Any CPU
	EndGlobalSection
	GlobalSection(ProjectConfigurationPlatforms) = postSolution
		{281E608E-FBB8-7D27-63DE-2850BA348C90}.Debug|Any CPU.ActiveCfg = Debug|Any CPU
		{281E608E-FBB8-7D27-63DE-2850BA348C90}.Debug|Any CPU.Build.0 = Debug|Any CPU
		{281E608E-FBB8-7D27-63DE-2850BA348C90}.Release|Any CPU.ActiveCfg = Release|Any CPU
		{281E608E-FBB8-7D27-63DE-2850BA348C90}.Release|Any CPU.Build.0 = Release|Any CPU
		{099F774A-23A4-B083-46A9-25339B92120C}.Debug|Any CPU.ActiveCfg = Debug|Any CPU
		{099F774A-23A4-B083-46A9-25339B92120C}.Debug|Any CPU.Build.0 = Debug|Any CPU
		{099F774A-23A4-B083-46A9-25339B92120C}.Release|Any CPU.ActiveCfg = Release|Any CPU
		{099F774A-23A4-B083-46A9-25339B92120C}.Release|Any CPU.Build.0 = Release|Any CPU
	EndGlobalSection
	GlobalSection(SolutionProperties) = preSolution
		HideSolutionNode = FALSE
	EndGlobalSection
EndGlobal
